
Microsoft Visual Studio Solution File, Format Version 12.00
Project("{FAE04EC0-301F-11D3-BF4B-00C04F79EFBC}") = "API", "API\API.csproj", "{00C42B82-6262-4494-B0E5-6B38EE9ECE22}"
EndProject
Project("{FAE04EC0-301F-11D3-BF4B-00C04F79EFBC}") = "DomainLayer", "DomainLayer\DomainLayer.csproj", "{9C489480-7B0B-4857-961D-F73560C95738}"
EndProject
Project("{FAE04EC0-301F-11D3-BF4B-00C04F79EFBC}") = "ServiceLayer", "ServiceLayer\ServiceLayer.csproj", "{0BBE31B3-C910-44CC-BB4E-94042F8D84C5}"
EndProject
Project("{FAE04EC0-301F-11D3-BF4B-00C04F79EFBC}") = "RepositoryLayer", "RepositoryLayer\RepositoryLayer.csproj", "{4CAAF850-8600-4B8C-AA42-0648266F4F9B}"
EndProject
Global
	GlobalSection(SolutionConfigurationPlatforms) = preSolution
		Debug|Any CPU = Debug|Any CPU
		Release|Any CPU = Release|Any CPU
	EndGlobalSection
	GlobalSection(ProjectConfigurationPlatforms) = postSolution
		{00C42B82-6262-4494-B0E5-6B38EE9ECE22}.Debug|Any CPU.ActiveCfg = Debug|Any CPU
		{00C42B82-6262-4494-B0E5-6B38EE9ECE22}.Debug|Any CPU.Build.0 = Debug|Any CPU
		{00C42B82-6262-4494-B0E5-6B38EE9ECE22}.Release|Any CPU.ActiveCfg = Release|Any CPU
		{00C42B82-6262-4494-B0E5-6B38EE9ECE22}.Release|Any CPU.Build.0 = Release|Any CPU
		{9C489480-7B0B-4857-961D-F73560C95738}.Debug|Any CPU.ActiveCfg = Debug|Any CPU
		{9C489480-7B0B-4857-961D-F73560C95738}.Debug|Any CPU.Build.0 = Debug|Any CPU
		{9C489480-7B0B-4857-961D-F73560C95738}.Release|Any CPU.ActiveCfg = Release|Any CPU
		{9C489480-7B0B-4857-961D-F73560C95738}.Release|Any CPU.Build.0 = Release|Any CPU
		{0BBE31B3-C910-44CC-BB4E-94042F8D84C5}.Debug|Any CPU.ActiveCfg = Debug|Any CPU
		{0BBE31B3-C910-44CC-BB4E-94042F8D84C5}.Debug|Any CPU.Build.0 = Debug|Any CPU
		{0BBE31B3-C910-44CC-BB4E-94042F8D84C5}.Release|Any CPU.ActiveCfg = Release|Any CPU
		{0BBE31B3-C910-44CC-BB4E-94042F8D84C5}.Release|Any CPU.Build.0 = Release|Any CPU
		{4CAAF850-8600-4B8C-AA42-0648266F4F9B}.Debug|Any CPU.ActiveCfg = Debug|Any CPU
		{4CAAF850-8600-4B8C-AA42-0648266F4F9B}.Debug|Any CPU.Build.0 = Debug|Any CPU
		{4CAAF850-8600-4B8C-AA42-0648266F4F9B}.Release|Any CPU.ActiveCfg = Release|Any CPU
		{4CAAF850-8600-4B8C-AA42-0648266F4F9B}.Release|Any CPU.Build.0 = Release|Any CPU
	EndGlobalSection
EndGlobal
